// !$*UTF8*$!
{
	archiveVersion = 1;
	classes = {
	};
	objectVersion = 52;
	objects = {

/* Begin PBXBuildFile section */
		A1590A4F26011AEF0031C679 /* SearchBarView.swift in Sources */ = {isa = PBXBuildFile; fileRef = A1590A4E26011AEF0031C679 /* SearchBarView.swift */; };
		A1590A5526011CC00031C679 /* Colors.swift in Sources */ = {isa = PBXBuildFile; fileRef = A1590A5426011CC00031C679 /* Colors.swift */; };
		A1590A5926012C8D0031C679 /* ActivityIndicator.swift in Sources */ = {isa = PBXBuildFile; fileRef = A1590A5826012C8D0031C679 /* ActivityIndicator.swift */; };
		A1590A5F260177520031C679 /* SearchView.swift in Sources */ = {isa = PBXBuildFile; fileRef = A1590A5E260177520031C679 /* SearchView.swift */; };
		A1590A63260177A60031C679 /* SearchVM.swift in Sources */ = {isa = PBXBuildFile; fileRef = A1590A62260177A60031C679 /* SearchVM.swift */; };
		A1590A6726017C3C0031C679 /* GenerateMovies.swift in Sources */ = {isa = PBXBuildFile; fileRef = A1590A6626017C3C0031C679 /* GenerateMovies.swift */; };
		A1590A6B26018C980031C679 /* PopularMovieView.swift in Sources */ = {isa = PBXBuildFile; fileRef = A1590A6A26018C980031C679 /* PopularMovieView.swift */; };
		A16CFC4226028D0600FEF4CA /* DownloadsView.swift in Sources */ = {isa = PBXBuildFile; fileRef = A16CFC4126028D0600FEF4CA /* DownloadsView.swift */; };
		A16EB3AB25FFAFC50046F94C /* PromotedMovieView.swift in Sources */ = {isa = PBXBuildFile; fileRef = A16EB3AA25FFAFC50046F94C /* PromotedMovieView.swift */; };
		A16EB3AF25FFB5FF0046F94C /* TabButton.swift in Sources */ = {isa = PBXBuildFile; fileRef = A16EB3AE25FFB5FF0046F94C /* TabButton.swift */; };
		A16F705C25FFCEC300DE98A7 /* FlatButton.swift in Sources */ = {isa = PBXBuildFile; fileRef = A16F705B25FFCEC300DE98A7 /* FlatButton.swift */; };
		A18FD6AE25FF0F8100392FCF /* HomeVM.swift in Sources */ = {isa = PBXBuildFile; fileRef = A18FD6AD25FF0F8100392FCF /* HomeVM.swift */; };
		A1A5298E2600013D002F7730 /* MovieDetailView.swift in Sources */ = {isa = PBXBuildFile; fileRef = A1A5298D2600013D002F7730 /* MovieDetailView.swift */; };
		A1A5299726000772002F7730 /* Episode.swift in Sources */ = {isa = PBXBuildFile; fileRef = A1A5299626000772002F7730 /* Episode.swift */; };
		A1A5299B26002066002F7730 /* CustomTabSwitcherView.swift in Sources */ = {isa = PBXBuildFile; fileRef = A1A5299A26002066002F7730 /* CustomTabSwitcherView.swift */; };
		A1A5299F260028C4002F7730 /* MoreLikeThisView.swift in Sources */ = {isa = PBXBuildFile; fileRef = A1A5299E260028C4002F7730 /* MoreLikeThisView.swift */; };
		A1A529A326003418002F7730 /* Trailer.swift in Sources */ = {isa = PBXBuildFile; fileRef = A1A529A226003418002F7730 /* Trailer.swift */; };
		A1A529A726003488002F7730 /* SwiftUIVideoView.swift in Sources */ = {isa = PBXBuildFile; fileRef = A1A529A626003488002F7730 /* SwiftUIVideoView.swift */; };
		A1A529AC260035BF002F7730 /* VideoPreviewImageView.swift in Sources */ = {isa = PBXBuildFile; fileRef = A1A529AB260035BF002F7730 /* VideoPreviewImageView.swift */; };
		A1A529B2260037F0002F7730 /* TrailerListView.swift in Sources */ = {isa = PBXBuildFile; fileRef = A1A529B1260037F0002F7730 /* TrailerListView.swift */; };
		A1A529B726004532002F7730 /* EpisodeView.swift in Sources */ = {isa = PBXBuildFile; fileRef = A1A529B626004532002F7730 /* EpisodeView.swift */; };
		A1A529BD2600745D002F7730 /* HomeMoviesStackView.swift in Sources */ = {isa = PBXBuildFile; fileRef = A1A529BC2600745D002F7730 /* HomeMoviesStackView.swift */; };
		A1C68B2725FF07A20074B78E /* netflixApp.swift in Sources */ = {isa = PBXBuildFile; fileRef = A1C68B2625FF07A20074B78E /* netflixApp.swift */; };
		A1C68B2925FF07A20074B78E /* ContentView.swift in Sources */ = {isa = PBXBuildFile; fileRef = A1C68B2825FF07A20074B78E /* ContentView.swift */; };
		A1C68B2B25FF07A30074B78E /* Assets.xcassets in Resources */ = {isa = PBXBuildFile; fileRef = A1C68B2A25FF07A30074B78E /* Assets.xcassets */; };
		A1C68B2E25FF07A30074B78E /* Preview Assets.xcassets in Resources */ = {isa = PBXBuildFile; fileRef = A1C68B2D25FF07A30074B78E /* Preview Assets.xcassets */; };
		A1C68B3925FF07A40074B78E /* netflixTests.swift in Sources */ = {isa = PBXBuildFile; fileRef = A1C68B3825FF07A40074B78E /* netflixTests.swift */; };
		A1C68B4425FF07A40074B78E /* netflixUITests.swift in Sources */ = {isa = PBXBuildFile; fileRef = A1C68B4325FF07A40074B78E /* netflixUITests.swift */; };
		A1C68B5525FF090B0074B78E /* HomeView.swift in Sources */ = {isa = PBXBuildFile; fileRef = A1C68B5425FF090B0074B78E /* HomeView.swift */; };
		A1C68B7325FF0B6F0074B78E /* KingfisherSwiftUI in Frameworks */ = {isa = PBXBuildFile; productRef = A1C68B7225FF0B6F0074B78E /* KingfisherSwiftUI */; };
		A1C68B7825FF0B9B0074B78E /* Movie.swift in Sources */ = {isa = PBXBuildFile; fileRef = A1C68B7725FF0B9B0074B78E /* Movie.swift */; };
		A1C68B7E25FF0BF50074B78E /* StandardHomeMovieView.swift in Sources */ = {isa = PBXBuildFile; fileRef = A1C68B7D25FF0BF50074B78E /* StandardHomeMovieView.swift */; };
		A1C68B8425FF0CA80074B78E /* GlobalHelpers.swift in Sources */ = {isa = PBXBuildFile; fileRef = A1C68B8325FF0CA80074B78E /* GlobalHelpers.swift */; };
		A1D73ADC260197090073C865 /* SearchResultsGridView.swift in Sources */ = {isa = PBXBuildFile; fileRef = A1D73ADB260197090073C865 /* SearchResultsGridView.swift */; };
		A1D73AE12601AF6D0073C865 /* ComingSoonView.swift in Sources */ = {isa = PBXBuildFile; fileRef = A1D73AE02601AF6D0073C865 /* ComingSoonView.swift */; };
		A1D73AE7260256610073C865 /* NotificationBarView.swift in Sources */ = {isa = PBXBuildFile; fileRef = A1D73AE6260256610073C865 /* NotificationBarView.swift */; };
		A1D73AEC260266EC0073C865 /* ComingSoonItemView.swift in Sources */ = {isa = PBXBuildFile; fileRef = A1D73AEB260266EC0073C865 /* ComingSoonItemView.swift */; };
		A1D73AF026026C740073C865 /* ComingSoonVM.swift in Sources */ = {isa = PBXBuildFile; fileRef = A1D73AEF26026C740073C865 /* ComingSoonVM.swift */; };
		A1D73AF826026E230073C865 /* TrackableScrollView.swift in Sources */ = {isa = PBXBuildFile; fileRef = A1D73AF726026E230073C865 /* TrackableScrollView.swift */; };
/* End PBXBuildFile section */

/* Begin PBXContainerItemProxy section */
		A1C68B3525FF07A30074B78E /* PBXContainerItemProxy */ = {
			isa = PBXContainerItemProxy;
			containerPortal = A1C68B1B25FF07A20074B78E /* Project object */;
			proxyType = 1;
			remoteGlobalIDString = A1C68B2225FF07A20074B78E;
			remoteInfo = netflix;
		};
		A1C68B4025FF07A40074B78E /* PBXContainerItemProxy */ = {
			isa = PBXContainerItemProxy;
			containerPortal = A1C68B1B25FF07A20074B78E /* Project object */;
			proxyType = 1;
			remoteGlobalIDString = A1C68B2225FF07A20074B78E;
			remoteInfo = netflix;
		};
/* End PBXContainerItemProxy section */

/* Begin PBXCopyFilesBuildPhase section */
		A1C68B6E25FF0B090074B78E /* Embed Frameworks */ = {
			isa = PBXCopyFilesBuildPhase;
			buildActionMask = 2147483647;
			dstPath = "";
			dstSubfolderSpec = 10;
			files = (
			);
			name = "Embed Frameworks";
			runOnlyForDeploymentPostprocessing = 0;
		};
/* End PBXCopyFilesBuildPhase section */

/* Begin PBXFileReference section */
		A1590A4E26011AEF0031C679 /* SearchBarView.swift */ = {isa = PBXFileReference; lastKnownFileType = sourcecode.swift; path = SearchBarView.swift; sourceTree = "<group>"; };
		A1590A5426011CC00031C679 /* Colors.swift */ = {isa = PBXFileReference; lastKnownFileType = sourcecode.swift; path = Colors.swift; sourceTree = "<group>"; };
		A1590A5826012C8D0031C679 /* ActivityIndicator.swift */ = {isa = PBXFileReference; lastKnownFileType = sourcecode.swift; path = ActivityIndicator.swift; sourceTree = "<group>"; };
		A1590A5E260177520031C679 /* SearchView.swift */ = {isa = PBXFileReference; lastKnownFileType = sourcecode.swift; path = SearchView.swift; sourceTree = "<group>"; };
		A1590A62260177A60031C679 /* SearchVM.swift */ = {isa = PBXFileReference; lastKnownFileType = sourcecode.swift; path = SearchVM.swift; sourceTree = "<group>"; };
		A1590A6626017C3C0031C679 /* GenerateMovies.swift */ = {isa = PBXFileReference; lastKnownFileType = sourcecode.swift; path = GenerateMovies.swift; sourceTree = "<group>"; };
		A1590A6A26018C980031C679 /* PopularMovieView.swift */ = {isa = PBXFileReference; lastKnownFileType = sourcecode.swift; path = PopularMovieView.swift; sourceTree = "<group>"; };
		A16CFC4126028D0600FEF4CA /* DownloadsView.swift */ = {isa = PBXFileReference; lastKnownFileType = sourcecode.swift; path = DownloadsView.swift; sourceTree = "<group>"; };
		A16EB3AA25FFAFC50046F94C /* PromotedMovieView.swift */ = {isa = PBXFileReference; lastKnownFileType = sourcecode.swift; path = PromotedMovieView.swift; sourceTree = "<group>"; };
		A16EB3AE25FFB5FF0046F94C /* TabButton.swift */ = {isa = PBXFileReference; lastKnownFileType = sourcecode.swift; path = TabButton.swift; sourceTree = "<group>"; };
		A16F705B25FFCEC300DE98A7 /* FlatButton.swift */ = {isa = PBXFileReference; lastKnownFileType = sourcecode.swift; path = FlatButton.swift; sourceTree = "<group>"; };
		A18FD6AD25FF0F8100392FCF /* HomeVM.swift */ = {isa = PBXFileReference; lastKnownFileType = sourcecode.swift; path = HomeVM.swift; sourceTree = "<group>"; };
		A1A5298D2600013D002F7730 /* MovieDetailView.swift */ = {isa = PBXFileReference; lastKnownFileType = sourcecode.swift; path = MovieDetailView.swift; sourceTree = "<group>"; };
		A1A5299626000772002F7730 /* Episode.swift */ = {isa = PBXFileReference; lastKnownFileType = sourcecode.swift; path = Episode.swift; sourceTree = "<group>"; };
		A1A5299A26002066002F7730 /* CustomTabSwitcherView.swift */ = {isa = PBXFileReference; lastKnownFileType = sourcecode.swift; path = CustomTabSwitcherView.swift; sourceTree = "<group>"; };
		A1A5299E260028C4002F7730 /* MoreLikeThisView.swift */ = {isa = PBXFileReference; lastKnownFileType = sourcecode.swift; path = MoreLikeThisView.swift; sourceTree = "<group>"; };
		A1A529A226003418002F7730 /* Trailer.swift */ = {isa = PBXFileReference; lastKnownFileType = sourcecode.swift; path = Trailer.swift; sourceTree = "<group>"; };
		A1A529A626003488002F7730 /* SwiftUIVideoView.swift */ = {isa = PBXFileReference; lastKnownFileType = sourcecode.swift; path = SwiftUIVideoView.swift; sourceTree = "<group>"; };
		A1A529AB260035BF002F7730 /* VideoPreviewImageView.swift */ = {isa = PBXFileReference; lastKnownFileType = sourcecode.swift; path = VideoPreviewImageView.swift; sourceTree = "<group>"; };
		A1A529B1260037F0002F7730 /* TrailerListView.swift */ = {isa = PBXFileReference; lastKnownFileType = sourcecode.swift; path = TrailerListView.swift; sourceTree = "<group>"; };
		A1A529B626004532002F7730 /* EpisodeView.swift */ = {isa = PBXFileReference; lastKnownFileType = sourcecode.swift; path = EpisodeView.swift; sourceTree = "<group>"; };
		A1A529BC2600745D002F7730 /* HomeMoviesStackView.swift */ = {isa = PBXFileReference; lastKnownFileType = sourcecode.swift; path = HomeMoviesStackView.swift; sourceTree = "<group>"; };
		A1C68B2325FF07A20074B78E /* netflix.app */ = {isa = PBXFileReference; explicitFileType = wrapper.application; includeInIndex = 0; path = netflix.app; sourceTree = BUILT_PRODUCTS_DIR; };
		A1C68B2625FF07A20074B78E /* netflixApp.swift */ = {isa = PBXFileReference; lastKnownFileType = sourcecode.swift; path = netflixApp.swift; sourceTree = "<group>"; };
		A1C68B2825FF07A20074B78E /* ContentView.swift */ = {isa = PBXFileReference; lastKnownFileType = sourcecode.swift; path = ContentView.swift; sourceTree = "<group>"; };
		A1C68B2A25FF07A30074B78E /* Assets.xcassets */ = {isa = PBXFileReference; lastKnownFileType = folder.assetcatalog; path = Assets.xcassets; sourceTree = "<group>"; };
		A1C68B2D25FF07A30074B78E /* Preview Assets.xcassets */ = {isa = PBXFileReference; lastKnownFileType = folder.assetcatalog; path = "Preview Assets.xcassets"; sourceTree = "<group>"; };
		A1C68B2F25FF07A30074B78E /* Info.plist */ = {isa = PBXFileReference; lastKnownFileType = text.plist.xml; path = Info.plist; sourceTree = "<group>"; };
		A1C68B3425FF07A30074B78E /* netflixTests.xctest */ = {isa = PBXFileReference; explicitFileType = wrapper.cfbundle; includeInIndex = 0; path = netflixTests.xctest; sourceTree = BUILT_PRODUCTS_DIR; };
		A1C68B3825FF07A40074B78E /* netflixTests.swift */ = {isa = PBXFileReference; lastKnownFileType = sourcecode.swift; path = netflixTests.swift; sourceTree = "<group>"; };
		A1C68B3A25FF07A40074B78E /* Info.plist */ = {isa = PBXFileReference; lastKnownFileType = text.plist.xml; path = Info.plist; sourceTree = "<group>"; };
		A1C68B3F25FF07A40074B78E /* netflixUITests.xctest */ = {isa = PBXFileReference; explicitFileType = wrapper.cfbundle; includeInIndex = 0; path = netflixUITests.xctest; sourceTree = BUILT_PRODUCTS_DIR; };
		A1C68B4325FF07A40074B78E /* netflixUITests.swift */ = {isa = PBXFileReference; lastKnownFileType = sourcecode.swift; path = netflixUITests.swift; sourceTree = "<group>"; };
		A1C68B4525FF07A40074B78E /* Info.plist */ = {isa = PBXFileReference; lastKnownFileType = text.plist.xml; path = Info.plist; sourceTree = "<group>"; };
		A1C68B5425FF090B0074B78E /* HomeView.swift */ = {isa = PBXFileReference; lastKnownFileType = sourcecode.swift; path = HomeView.swift; sourceTree = "<group>"; };
		A1C68B7725FF0B9B0074B78E /* Movie.swift */ = {isa = PBXFileReference; lastKnownFileType = sourcecode.swift; path = Movie.swift; sourceTree = "<group>"; };
		A1C68B7D25FF0BF50074B78E /* StandardHomeMovieView.swift */ = {isa = PBXFileReference; lastKnownFileType = sourcecode.swift; path = StandardHomeMovieView.swift; sourceTree = "<group>"; };
		A1C68B8325FF0CA80074B78E /* GlobalHelpers.swift */ = {isa = PBXFileReference; lastKnownFileType = sourcecode.swift; path = GlobalHelpers.swift; sourceTree = "<group>"; };
		A1D73ADB260197090073C865 /* SearchResultsGridView.swift */ = {isa = PBXFileReference; lastKnownFileType = sourcecode.swift; path = SearchResultsGridView.swift; sourceTree = "<group>"; };
		A1D73AE02601AF6D0073C865 /* ComingSoonView.swift */ = {isa = PBXFileReference; lastKnownFileType = sourcecode.swift; path = ComingSoonView.swift; sourceTree = "<group>"; };
		A1D73AE6260256610073C865 /* NotificationBarView.swift */ = {isa = PBXFileReference; lastKnownFileType = sourcecode.swift; path = NotificationBarView.swift; sourceTree = "<group>"; };
		A1D73AEB260266EC0073C865 /* ComingSoonItemView.swift */ = {isa = PBXFileReference; lastKnownFileType = sourcecode.swift; path = ComingSoonItemView.swift; sourceTree = "<group>"; };
		A1D73AEF26026C740073C865 /* ComingSoonVM.swift */ = {isa = PBXFileReference; lastKnownFileType = sourcecode.swift; path = ComingSoonVM.swift; sourceTree = "<group>"; };
		A1D73AF726026E230073C865 /* TrackableScrollView.swift */ = {isa = PBXFileReference; lastKnownFileType = sourcecode.swift; path = TrackableScrollView.swift; sourceTree = "<group>"; };
/* End PBXFileReference section */

/* Begin PBXFrameworksBuildPhase section */
		A1C68B2025FF07A20074B78E /* Frameworks */ = {
			isa = PBXFrameworksBuildPhase;
			buildActionMask = 2147483647;
			files = (
				A1C68B7325FF0B6F0074B78E /* KingfisherSwiftUI in Frameworks */,
			);
			runOnlyForDeploymentPostprocessing = 0;
		};
		A1C68B3125FF07A30074B78E /* Frameworks */ = {
			isa = PBXFrameworksBuildPhase;
			buildActionMask = 2147483647;
			files = (
			);
			runOnlyForDeploymentPostprocessing = 0;
		};
		A1C68B3C25FF07A40074B78E /* Frameworks */ = {
			isa = PBXFrameworksBuildPhase;
			buildActionMask = 2147483647;
			files = (
			);
			runOnlyForDeploymentPostprocessing = 0;
		};
/* End PBXFrameworksBuildPhase section */

/* Begin PBXGroup section */
		A1590A4D26011AD70031C679 /* Search */ = {
			isa = PBXGroup;
			children = (
				A1590A4E26011AEF0031C679 /* SearchBarView.swift */,
				A1590A5E260177520031C679 /* SearchView.swift */,
				A1590A6A26018C980031C679 /* PopularMovieView.swift */,
				A1D73ADB260197090073C865 /* SearchResultsGridView.swift */,
			);
			path = Search;
			sourceTree = "<group>";
		};
		A16CFC4026028CF900FEF4CA /* Downloads */ = {
			isa = PBXGroup;
			children = (
				A16CFC4126028D0600FEF4CA /* DownloadsView.swift */,
			);
			path = Downloads;
			sourceTree = "<group>";
		};
		A16F705F25FFFD8A00DE98A7 /* Helper */ = {
			isa = PBXGroup;
			children = (
				A1C68B8325FF0CA80074B78E /* GlobalHelpers.swift */,
				A1590A5426011CC00031C679 /* Colors.swift */,
				A1590A5826012C8D0031C679 /* ActivityIndicator.swift */,
				A1590A6626017C3C0031C679 /* GenerateMovies.swift */,
			);
			path = Helper;
			sourceTree = "<group>";
		};
		A16F706025FFFDDC00DE98A7 /* Home */ = {
			isa = PBXGroup;
			children = (
				A1C68B5425FF090B0074B78E /* HomeView.swift */,
				A1C68B7D25FF0BF50074B78E /* StandardHomeMovieView.swift */,
				A16EB3AA25FFAFC50046F94C /* PromotedMovieView.swift */,
				A1A529BC2600745D002F7730 /* HomeMoviesStackView.swift */,
			);
			path = Home;
			sourceTree = "<group>";
		};
		A16F706125FFFE2C00DE98A7 /* Button */ = {
			isa = PBXGroup;
			children = (
				A16EB3AE25FFB5FF0046F94C /* TabButton.swift */,
				A16F705B25FFCEC300DE98A7 /* FlatButton.swift */,
			);
			path = Button;
			sourceTree = "<group>";
		};
		A18FD6AC25FF0F7200392FCF /* ViewModel */ = {
			isa = PBXGroup;
			children = (
				A18FD6AD25FF0F8100392FCF /* HomeVM.swift */,
				A1590A62260177A60031C679 /* SearchVM.swift */,
				A1D73AEF26026C740073C865 /* ComingSoonVM.swift */,
			);
			path = ViewModel;
			sourceTree = "<group>";
		};
		A1A5299126000153002F7730 /* Movie */ = {
			isa = PBXGroup;
			children = (
				A1A5298D2600013D002F7730 /* MovieDetailView.swift */,
				A1A5299A26002066002F7730 /* CustomTabSwitcherView.swift */,
				A1A5299E260028C4002F7730 /* MoreLikeThisView.swift */,
				A1A529B1260037F0002F7730 /* TrailerListView.swift */,
			);
			path = Movie;
			sourceTree = "<group>";
		};
		A1A529AA26003554002F7730 /* VideoPlayer */ = {
			isa = PBXGroup;
			children = (
				A1A529A626003488002F7730 /* SwiftUIVideoView.swift */,
				A1A529AB260035BF002F7730 /* VideoPreviewImageView.swift */,
			);
			path = VideoPlayer;
			sourceTree = "<group>";
		};
		A1A529B526004529002F7730 /* Episode */ = {
			isa = PBXGroup;
			children = (
				A1A529B626004532002F7730 /* EpisodeView.swift */,
			);
			path = Episode;
			sourceTree = "<group>";
		};
		A1C68B1A25FF07A20074B78E = {
			isa = PBXGroup;
			children = (
				A1C68B2525FF07A20074B78E /* netflix */,
				A1C68B3725FF07A40074B78E /* netflixTests */,
				A1C68B4225FF07A40074B78E /* netflixUITests */,
				A1C68B2425FF07A20074B78E /* Products */,
			);
			sourceTree = "<group>";
		};
		A1C68B2425FF07A20074B78E /* Products */ = {
			isa = PBXGroup;
			children = (
				A1C68B2325FF07A20074B78E /* netflix.app */,
				A1C68B3425FF07A30074B78E /* netflixTests.xctest */,
				A1C68B3F25FF07A40074B78E /* netflixUITests.xctest */,
			);
			name = Products;
			sourceTree = "<group>";
		};
		A1C68B2525FF07A20074B78E /* netflix */ = {
			isa = PBXGroup;
			children = (
				A1C68B2625FF07A20074B78E /* netflixApp.swift */,
				A1C68B2825FF07A20074B78E /* ContentView.swift */,
				A1C68B2A25FF07A30074B78E /* Assets.xcassets */,
				A1C68B7625FF0B880074B78E /* Model */,
				A1C68B5925FF09160074B78E /* View */,
				A18FD6AC25FF0F7200392FCF /* ViewModel */,
				A16F705F25FFFD8A00DE98A7 /* Helper */,
				A1C68B2F25FF07A30074B78E /* Info.plist */,
				A1C68B2C25FF07A30074B78E /* Preview Content */,
			);
			path = netflix;
			sourceTree = "<group>";
		};
		A1C68B2C25FF07A30074B78E /* Preview Content */ = {
			isa = PBXGroup;
			children = (
				A1C68B2D25FF07A30074B78E /* Preview Assets.xcassets */,
			);
			path = "Preview Content";
			sourceTree = "<group>";
		};
		A1C68B3725FF07A40074B78E /* netflixTests */ = {
			isa = PBXGroup;
			children = (
				A1C68B3825FF07A40074B78E /* netflixTests.swift */,
				A1C68B3A25FF07A40074B78E /* Info.plist */,
			);
			path = netflixTests;
			sourceTree = "<group>";
		};
		A1C68B4225FF07A40074B78E /* netflixUITests */ = {
			isa = PBXGroup;
			children = (
				A1C68B4325FF07A40074B78E /* netflixUITests.swift */,
				A1C68B4525FF07A40074B78E /* Info.plist */,
			);
			path = netflixUITests;
			sourceTree = "<group>";
		};
		A1C68B5925FF09160074B78E /* View */ = {
			isa = PBXGroup;
			children = (
				A16CFC4026028CF900FEF4CA /* Downloads */,
				A1D73ADF2601AF430073C865 /* Coming Soon */,
				A1A529B526004529002F7730 /* Episode */,
				A16F706025FFFDDC00DE98A7 /* Home */,
				A1A5299126000153002F7730 /* Movie */,
				A1590A4D26011AD70031C679 /* Search */,
				A1A529AA26003554002F7730 /* VideoPlayer */,
				A16F706125FFFE2C00DE98A7 /* Button */,
			);
			path = View;
			sourceTree = "<group>";
		};
		A1C68B7625FF0B880074B78E /* Model */ = {
			isa = PBXGroup;
			children = (
				A1C68B7725FF0B9B0074B78E /* Movie.swift */,
				A1A5299626000772002F7730 /* Episode.swift */,
				A1A529A226003418002F7730 /* Trailer.swift */,
			);
			path = Model;
			sourceTree = "<group>";
		};
		A1D73ADF2601AF430073C865 /* Coming Soon */ = {
			isa = PBXGroup;
			children = (
				A1D73AE02601AF6D0073C865 /* ComingSoonView.swift */,
				A1D73AE6260256610073C865 /* NotificationBarView.swift */,
				A1D73AEB260266EC0073C865 /* ComingSoonItemView.swift */,
				A1D73AF726026E230073C865 /* TrackableScrollView.swift */,
			);
			path = "Coming Soon";
			sourceTree = "<group>";
		};
/* End PBXGroup section */

/* Begin PBXNativeTarget section */
		A1C68B2225FF07A20074B78E /* netflix */ = {
			isa = PBXNativeTarget;
			buildConfigurationList = A1C68B4825FF07A40074B78E /* Build configuration list for PBXNativeTarget "netflix" */;
			buildPhases = (
				A1C68B1F25FF07A20074B78E /* Sources */,
				A1C68B2025FF07A20074B78E /* Frameworks */,
				A1C68B2125FF07A20074B78E /* Resources */,
				A1C68B6E25FF0B090074B78E /* Embed Frameworks */,
			);
			buildRules = (
			);
			dependencies = (
			);
			name = netflix;
			packageProductDependencies = (
				A1C68B7225FF0B6F0074B78E /* KingfisherSwiftUI */,
			);
			productName = netflix;
			productReference = A1C68B2325FF07A20074B78E /* netflix.app */;
			productType = "com.apple.product-type.application";
		};
		A1C68B3325FF07A30074B78E /* netflixTests */ = {
			isa = PBXNativeTarget;
			buildConfigurationList = A1C68B4B25FF07A40074B78E /* Build configuration list for PBXNativeTarget "netflixTests" */;
			buildPhases = (
				A1C68B3025FF07A30074B78E /* Sources */,
				A1C68B3125FF07A30074B78E /* Frameworks */,
				A1C68B3225FF07A30074B78E /* Resources */,
			);
			buildRules = (
			);
			dependencies = (
				A1C68B3625FF07A30074B78E /* PBXTargetDependency */,
			);
			name = netflixTests;
			productName = netflixTests;
			productReference = A1C68B3425FF07A30074B78E /* netflixTests.xctest */;
			productType = "com.apple.product-type.bundle.unit-test";
		};
		A1C68B3E25FF07A40074B78E /* netflixUITests */ = {
			isa = PBXNativeTarget;
			buildConfigurationList = A1C68B4E25FF07A40074B78E /* Build configuration list for PBXNativeTarget "netflixUITests" */;
			buildPhases = (
				A1C68B3B25FF07A40074B78E /* Sources */,
				A1C68B3C25FF07A40074B78E /* Frameworks */,
				A1C68B3D25FF07A40074B78E /* Resources */,
			);
			buildRules = (
			);
			dependencies = (
				A1C68B4125FF07A40074B78E /* PBXTargetDependency */,
			);
			name = netflixUITests;
			productName = netflixUITests;
			productReference = A1C68B3F25FF07A40074B78E /* netflixUITests.xctest */;
			productType = "com.apple.product-type.bundle.ui-testing";
		};
/* End PBXNativeTarget section */

/* Begin PBXProject section */
		A1C68B1B25FF07A20074B78E /* Project object */ = {
			isa = PBXProject;
			attributes = {
				LastSwiftUpdateCheck = 1240;
				LastUpgradeCheck = 1240;
				TargetAttributes = {
					A1C68B2225FF07A20074B78E = {
						CreatedOnToolsVersion = 12.4;
					};
					A1C68B3325FF07A30074B78E = {
						CreatedOnToolsVersion = 12.4;
						TestTargetID = A1C68B2225FF07A20074B78E;
					};
					A1C68B3E25FF07A40074B78E = {
						CreatedOnToolsVersion = 12.4;
						TestTargetID = A1C68B2225FF07A20074B78E;
					};
				};
			};
			buildConfigurationList = A1C68B1E25FF07A20074B78E /* Build configuration list for PBXProject "netflix" */;
			compatibilityVersion = "Xcode 9.3";
			developmentRegion = en;
			hasScannedForEncodings = 0;
			knownRegions = (
				en,
				Base,
			);
			mainGroup = A1C68B1A25FF07A20074B78E;
			packageReferences = (
				A1C68B7125FF0B6F0074B78E /* XCRemoteSwiftPackageReference "Kingfisher" */,
			);
			productRefGroup = A1C68B2425FF07A20074B78E /* Products */;
			projectDirPath = "";
			projectRoot = "";
			targets = (
				A1C68B2225FF07A20074B78E /* netflix */,
				A1C68B3325FF07A30074B78E /* netflixTests */,
				A1C68B3E25FF07A40074B78E /* netflixUITests */,
			);
		};
/* End PBXProject section */

/* Begin PBXResourcesBuildPhase section */
		A1C68B2125FF07A20074B78E /* Resources */ = {
			isa = PBXResourcesBuildPhase;
			buildActionMask = 2147483647;
			files = (
				A1C68B2E25FF07A30074B78E /* Preview Assets.xcassets in Resources */,
				A1C68B2B25FF07A30074B78E /* Assets.xcassets in Resources */,
			);
			runOnlyForDeploymentPostprocessing = 0;
		};
		A1C68B3225FF07A30074B78E /* Resources */ = {
			isa = PBXResourcesBuildPhase;
			buildActionMask = 2147483647;
			files = (
			);
			runOnlyForDeploymentPostprocessing = 0;
		};
		A1C68B3D25FF07A40074B78E /* Resources */ = {
			isa = PBXResourcesBuildPhase;
			buildActionMask = 2147483647;
			files = (
			);
			runOnlyForDeploymentPostprocessing = 0;
		};
/* End PBXResourcesBuildPhase section */

/* Begin PBXSourcesBuildPhase section */
		A1C68B1F25FF07A20074B78E /* Sources */ = {
			isa = PBXSourcesBuildPhase;
			buildActionMask = 2147483647;
			files = (
				A1590A6B26018C980031C679 /* PopularMovieView.swift in Sources */,
				A1D73AE12601AF6D0073C865 /* ComingSoonView.swift in Sources */,
				A16CFC4226028D0600FEF4CA /* DownloadsView.swift in Sources */,
				A1C68B8425FF0CA80074B78E /* GlobalHelpers.swift in Sources */,
				A1590A6726017C3C0031C679 /* GenerateMovies.swift in Sources */,
				A1590A63260177A60031C679 /* SearchVM.swift in Sources */,
				A1590A5526011CC00031C679 /* Colors.swift in Sources */,
				A1A529BD2600745D002F7730 /* HomeMoviesStackView.swift in Sources */,
				A1A529AC260035BF002F7730 /* VideoPreviewImageView.swift in Sources */,
				A1590A5F260177520031C679 /* SearchView.swift in Sources */,
				A1A529B2260037F0002F7730 /* TrailerListView.swift in Sources */,
				A1A529A326003418002F7730 /* Trailer.swift in Sources */,
				A1A5299726000772002F7730 /* Episode.swift in Sources */,
				A1D73AF826026E230073C865 /* TrackableScrollView.swift in Sources */,
				A1D73AF026026C740073C865 /* ComingSoonVM.swift in Sources */,
				A1D73AEC260266EC0073C865 /* ComingSoonItemView.swift in Sources */,
				A1C68B5525FF090B0074B78E /* HomeView.swift in Sources */,
				A18FD6AE25FF0F8100392FCF /* HomeVM.swift in Sources */,
				A1A5299B26002066002F7730 /* CustomTabSwitcherView.swift in Sources */,
				A1C68B2925FF07A20074B78E /* ContentView.swift in Sources */,
				A1D73ADC260197090073C865 /* SearchResultsGridView.swift in Sources */,
				A1590A4F26011AEF0031C679 /* SearchBarView.swift in Sources */,
				A1590A5926012C8D0031C679 /* ActivityIndicator.swift in Sources */,
				A1A529B726004532002F7730 /* EpisodeView.swift in Sources */,
				A1C68B7E25FF0BF50074B78E /* StandardHomeMovieView.swift in Sources */,
				A16EB3AB25FFAFC50046F94C /* PromotedMovieView.swift in Sources */,
				A1C68B7825FF0B9B0074B78E /* Movie.swift in Sources */,
				A1D73AE7260256610073C865 /* NotificationBarView.swift in Sources */,
				A1A5299F260028C4002F7730 /* MoreLikeThisView.swift in Sources */,
				A1C68B2725FF07A20074B78E /* netflixApp.swift in Sources */,
				A16EB3AF25FFB5FF0046F94C /* TabButton.swift in Sources */,
				A16F705C25FFCEC300DE98A7 /* FlatButton.swift in Sources */,
				A1A529A726003488002F7730 /* SwiftUIVideoView.swift in Sources */,
				A1A5298E2600013D002F7730 /* MovieDetailView.swift in Sources */,
			);
			runOnlyForDeploymentPostprocessing = 0;
		};
		A1C68B3025FF07A30074B78E /* Sources */ = {
			isa = PBXSourcesBuildPhase;
			buildActionMask = 2147483647;
			files = (
				A1C68B3925FF07A40074B78E /* netflixTests.swift in Sources */,
			);
			runOnlyForDeploymentPostprocessing = 0;
		};
		A1C68B3B25FF07A40074B78E /* Sources */ = {
			isa = PBXSourcesBuildPhase;
			buildActionMask = 2147483647;
			files = (
				A1C68B4425FF07A40074B78E /* netflixUITests.swift in Sources */,
			);
			runOnlyForDeploymentPostprocessing = 0;
		};
/* End PBXSourcesBuildPhase section */

/* Begin PBXTargetDependency section */
		A1C68B3625FF07A30074B78E /* PBXTargetDependency */ = {
			isa = PBXTargetDependency;
			target = A1C68B2225FF07A20074B78E /* netflix */;
			targetProxy = A1C68B3525FF07A30074B78E /* PBXContainerItemProxy */;
		};
		A1C68B4125FF07A40074B78E /* PBXTargetDependency */ = {
			isa = PBXTargetDependency;
			target = A1C68B2225FF07A20074B78E /* netflix */;
			targetProxy = A1C68B4025FF07A40074B78E /* PBXContainerItemProxy */;
		};
/* End PBXTargetDependency section */

/* Begin XCBuildConfiguration section */
		A1C68B4625FF07A40074B78E /* Debug */ = {
			isa = XCBuildConfiguration;
			buildSettings = {
				ALWAYS_SEARCH_USER_PATHS = NO;
				CLANG_ANALYZER_NONNULL = YES;
				CLANG_ANALYZER_NUMBER_OBJECT_CONVERSION = YES_AGGRESSIVE;
				CLANG_CXX_LANGUAGE_STANDARD = "gnu++14";
				CLANG_CXX_LIBRARY = "libc++";
				CLANG_ENABLE_MODULES = YES;
				CLANG_ENABLE_OBJC_ARC = YES;
				CLANG_ENABLE_OBJC_WEAK = YES;
				CLANG_WARN_BLOCK_CAPTURE_AUTORELEASING = YES;
				CLANG_WARN_BOOL_CONVERSION = YES;
				CLANG_WARN_COMMA = YES;
				CLANG_WARN_CONSTANT_CONVERSION = YES;
				CLANG_WARN_DEPRECATED_OBJC_IMPLEMENTATIONS = YES;
				CLANG_WARN_DIRECT_OBJC_ISA_USAGE = YES_ERROR;
				CLANG_WARN_DOCUMENTATION_COMMENTS = YES;
				CLANG_WARN_EMPTY_BODY = YES;
				CLANG_WARN_ENUM_CONVERSION = YES;
				CLANG_WARN_INFINITE_RECURSION = YES;
				CLANG_WARN_INT_CONVERSION = YES;
				CLANG_WARN_NON_LITERAL_NULL_CONVERSION = YES;
				CLANG_WARN_OBJC_IMPLICIT_RETAIN_SELF = YES;
				CLANG_WARN_OBJC_LITERAL_CONVERSION = YES;
				CLANG_WARN_OBJC_ROOT_CLASS = YES_ERROR;
				CLANG_WARN_QUOTED_INCLUDE_IN_FRAMEWORK_HEADER = YES;
				CLANG_WARN_RANGE_LOOP_ANALYSIS = YES;
				CLANG_WARN_STRICT_PROTOTYPES = YES;
				CLANG_WARN_SUSPICIOUS_MOVE = YES;
				CLANG_WARN_UNGUARDED_AVAILABILITY = YES_AGGRESSIVE;
				CLANG_WARN_UNREACHABLE_CODE = YES;
				CLANG_WARN__DUPLICATE_METHOD_MATCH = YES;
				COPY_PHASE_STRIP = NO;
				DEBUG_INFORMATION_FORMAT = dwarf;
				ENABLE_STRICT_OBJC_MSGSEND = YES;
				ENABLE_TESTABILITY = YES;
				GCC_C_LANGUAGE_STANDARD = gnu11;
				GCC_DYNAMIC_NO_PIC = NO;
				GCC_NO_COMMON_BLOCKS = YES;
				GCC_OPTIMIZATION_LEVEL = 0;
				GCC_PREPROCESSOR_DEFINITIONS = (
					"DEBUG=1",
					"$(inherited)",
				);
				GCC_WARN_64_TO_32_BIT_CONVERSION = YES;
				GCC_WARN_ABOUT_RETURN_TYPE = YES_ERROR;
				GCC_WARN_UNDECLARED_SELECTOR = YES;
				GCC_WARN_UNINITIALIZED_AUTOS = YES_AGGRESSIVE;
				GCC_WARN_UNUSED_FUNCTION = YES;
				GCC_WARN_UNUSED_VARIABLE = YES;
				IPHONEOS_DEPLOYMENT_TARGET = 14.4;
				MTL_ENABLE_DEBUG_INFO = INCLUDE_SOURCE;
				MTL_FAST_MATH = YES;
				ONLY_ACTIVE_ARCH = YES;
				SDKROOT = iphoneos;
				SWIFT_ACTIVE_COMPILATION_CONDITIONS = DEBUG;
				SWIFT_OPTIMIZATION_LEVEL = "-Onone";
			};
			name = Debug;
		};
		A1C68B4725FF07A40074B78E /* Release */ = {
			isa = XCBuildConfiguration;
			buildSettings = {
				ALWAYS_SEARCH_USER_PATHS = NO;
				CLANG_ANALYZER_NONNULL = YES;
				CLANG_ANALYZER_NUMBER_OBJECT_CONVERSION = YES_AGGRESSIVE;
				CLANG_CXX_LANGUAGE_STANDARD = "gnu++14";
				CLANG_CXX_LIBRARY = "libc++";
				CLANG_ENABLE_MODULES = YES;
				CLANG_ENABLE_OBJC_ARC = YES;
				CLANG_ENABLE_OBJC_WEAK = YES;
				CLANG_WARN_BLOCK_CAPTURE_AUTORELEASING = YES;
				CLANG_WARN_BOOL_CONVERSION = YES;
				CLANG_WARN_COMMA = YES;
				CLANG_WARN_CONSTANT_CONVERSION = YES;
				CLANG_WARN_DEPRECATED_OBJC_IMPLEMENTATIONS = YES;
				CLANG_WARN_DIRECT_OBJC_ISA_USAGE = YES_ERROR;
				CLANG_WARN_DOCUMENTATION_COMMENTS = YES;
				CLANG_WARN_EMPTY_BODY = YES;
				CLANG_WARN_ENUM_CONVERSION = YES;
				CLANG_WARN_INFINITE_RECURSION = YES;
				CLANG_WARN_INT_CONVERSION = YES;
				CLANG_WARN_NON_LITERAL_NULL_CONVERSION = YES;
				CLANG_WARN_OBJC_IMPLICIT_RETAIN_SELF = YES;
				CLANG_WARN_OBJC_LITERAL_CONVERSION = YES;
				CLANG_WARN_OBJC_ROOT_CLASS = YES_ERROR;
				CLANG_WARN_QUOTED_INCLUDE_IN_FRAMEWORK_HEADER = YES;
				CLANG_WARN_RANGE_LOOP_ANALYSIS = YES;
				CLANG_WARN_STRICT_PROTOTYPES = YES;
				CLANG_WARN_SUSPICIOUS_MOVE = YES;
				CLANG_WARN_UNGUARDED_AVAILABILITY = YES_AGGRESSIVE;
				CLANG_WARN_UNREACHABLE_CODE = YES;
				CLANG_WARN__DUPLICATE_METHOD_MATCH = YES;
				COPY_PHASE_STRIP = NO;
				DEBUG_INFORMATION_FORMAT = "dwarf-with-dsym";
				ENABLE_NS_ASSERTIONS = NO;
				ENABLE_STRICT_OBJC_MSGSEND = YES;
				GCC_C_LANGUAGE_STANDARD = gnu11;
				GCC_NO_COMMON_BLOCKS = YES;
				GCC_WARN_64_TO_32_BIT_CONVERSION = YES;
				GCC_WARN_ABOUT_RETURN_TYPE = YES_ERROR;
				GCC_WARN_UNDECLARED_SELECTOR = YES;
				GCC_WARN_UNINITIALIZED_AUTOS = YES_AGGRESSIVE;
				GCC_WARN_UNUSED_FUNCTION = YES;
				GCC_WARN_UNUSED_VARIABLE = YES;
				IPHONEOS_DEPLOYMENT_TARGET = 14.4;
				MTL_ENABLE_DEBUG_INFO = NO;
				MTL_FAST_MATH = YES;
				SDKROOT = iphoneos;
				SWIFT_COMPILATION_MODE = wholemodule;
				SWIFT_OPTIMIZATION_LEVEL = "-O";
				VALIDATE_PRODUCT = YES;
			};
			name = Release;
		};
		A1C68B4925FF07A40074B78E /* Debug */ = {
			isa = XCBuildConfiguration;
			buildSettings = {
				ASSETCATALOG_COMPILER_APPICON_NAME = AppIcon;
				ASSETCATALOG_COMPILER_GLOBAL_ACCENT_COLOR_NAME = AccentColor;
				CODE_SIGN_STYLE = Automatic;
				DEVELOPMENT_ASSET_PATHS = "\"netflix/Preview Content\"";
				DEVELOPMENT_TEAM = 622LJ3NW2R;
				ENABLE_PREVIEWS = YES;
				INFOPLIST_FILE = netflix/Info.plist;
				IPHONEOS_DEPLOYMENT_TARGET = 14.0;
				LD_RUNPATH_SEARCH_PATHS = (
					"$(inherited)",
					"@executable_path/Frameworks",
				);
				PRODUCT_BUNDLE_IDENTIFIER = com.zachbazov.netflix;
				PRODUCT_NAME = "$(TARGET_NAME)";
				SWIFT_VERSION = 5.0;
				TARGETED_DEVICE_FAMILY = "1,2";
			};
			name = Debug;
		};
		A1C68B4A25FF07A40074B78E /* Release */ = {
			isa = XCBuildConfiguration;
			buildSettings = {
				ASSETCATALOG_COMPILER_APPICON_NAME = AppIcon;
				ASSETCATALOG_COMPILER_GLOBAL_ACCENT_COLOR_NAME = AccentColor;
				CODE_SIGN_STYLE = Automatic;
				DEVELOPMENT_ASSET_PATHS = "\"netflix/Preview Content\"";
				DEVELOPMENT_TEAM = 622LJ3NW2R;
				ENABLE_PREVIEWS = YES;
				INFOPLIST_FILE = netflix/Info.plist;
				IPHONEOS_DEPLOYMENT_TARGET = 14.0;
				LD_RUNPATH_SEARCH_PATHS = (
					"$(inherited)",
					"@executable_path/Frameworks",
				);
				PRODUCT_BUNDLE_IDENTIFIER = com.zachbazov.netflix;
				PRODUCT_NAME = "$(TARGET_NAME)";
				SWIFT_VERSION = 5.0;
				TARGETED_DEVICE_FAMILY = "1,2";
			};
			name = Release;
		};
		A1C68B4C25FF07A40074B78E /* Debug */ = {
			isa = XCBuildConfiguration;
			buildSettings = {
				ALWAYS_EMBED_SWIFT_STANDARD_LIBRARIES = YES;
				BUNDLE_LOADER = "$(TEST_HOST)";
				CODE_SIGN_STYLE = Automatic;
				DEVELOPMENT_TEAM = 622LJ3NW2R;
				INFOPLIST_FILE = netflixTests/Info.plist;
				IPHONEOS_DEPLOYMENT_TARGET = 14.0;
				LD_RUNPATH_SEARCH_PATHS = (
					"$(inherited)",
					"@executable_path/Frameworks",
					"@loader_path/Frameworks",
				);
				PRODUCT_BUNDLE_IDENTIFIER = com.zachbazov.netflixTests;
				PRODUCT_NAME = "$(TARGET_NAME)";
				SWIFT_VERSION = 5.0;
				TARGETED_DEVICE_FAMILY = "1,2";
				TEST_HOST = "$(BUILT_PRODUCTS_DIR)/netflix.app/netflix";
			};
			name = Debug;
		};
		A1C68B4D25FF07A40074B78E /* Release */ = {
			isa = XCBuildConfiguration;
			buildSettings = {
				ALWAYS_EMBED_SWIFT_STANDARD_LIBRARIES = YES;
				BUNDLE_LOADER = "$(TEST_HOST)";
				CODE_SIGN_STYLE = Automatic;
				DEVELOPMENT_TEAM = 622LJ3NW2R;
				INFOPLIST_FILE = netflixTests/Info.plist;
				IPHONEOS_DEPLOYMENT_TARGET = 14.0;
				LD_RUNPATH_SEARCH_PATHS = (
					"$(inherited)",
					"@executable_path/Frameworks",
					"@loader_path/Frameworks",
				);
				PRODUCT_BUNDLE_IDENTIFIER = com.zachbazov.netflixTests;
				PRODUCT_NAME = "$(TARGET_NAME)";
				SWIFT_VERSION = 5.0;
				TARGETED_DEVICE_FAMILY = "1,2";
				TEST_HOST = "$(BUILT_PRODUCTS_DIR)/netflix.app/netflix";
			};
			name = Release;
		};
		A1C68B4F25FF07A40074B78E /* Debug */ = {
			isa = XCBuildConfiguration;
			buildSettings = {
				ALWAYS_EMBED_SWIFT_STANDARD_LIBRARIES = YES;
				CODE_SIGN_STYLE = Automatic;
				DEVELOPMENT_TEAM = 622LJ3NW2R;
				INFOPLIST_FILE = netflixUITests/Info.plist;
				LD_RUNPATH_SEARCH_PATHS = (
					"$(inherited)",
					"@executable_path/Frameworks",
					"@loader_path/Frameworks",
				);
				PRODUCT_BUNDLE_IDENTIFIER = com.zachbazov.netflixUITests;
				PRODUCT_NAME = "$(TARGET_NAME)";
				SWIFT_VERSION = 5.0;
				TARGETED_DEVICE_FAMILY = "1,2";
				TEST_TARGET_NAME = netflix;
			};
			name = Debug;
		};
		A1C68B5025FF07A40074B78E /* Release */ = {
			isa = XCBuildConfiguration;
			buildSettings = {
				ALWAYS_EMBED_SWIFT_STANDARD_LIBRARIES = YES;
				CODE_SIGN_STYLE = Automatic;
				DEVELOPMENT_TEAM = 622LJ3NW2R;
				INFOPLIST_FILE = netflixUITests/Info.plist;
				LD_RUNPATH_SEARCH_PATHS = (
					"$(inherited)",
					"@executable_path/Frameworks",
					"@loader_path/Frameworks",
				);
				PRODUCT_BUNDLE_IDENTIFIER = com.zachbazov.netflixUITests;
				PRODUCT_NAME = "$(TARGET_NAME)";
				SWIFT_VERSION = 5.0;
				TARGETED_DEVICE_FAMILY = "1,2";
				TEST_TARGET_NAME = netflix;
			};
			name = Release;
		};
/* End XCBuildConfiguration section */

/* Begin XCConfigurationList section */
		A1C68B1E25FF07A20074B78E /* Build configuration list for PBXProject "netflix" */ = {
			isa = XCConfigurationList;
			buildConfigurations = (
				A1C68B4625FF07A40074B78E /* Debug */,
				A1C68B4725FF07A40074B78E /* Release */,
			);
			defaultConfigurationIsVisible = 0;
			defaultConfigurationName = Release;
		};
		A1C68B4825FF07A40074B78E /* Build configuration list for PBXNativeTarget "netflix" */ = {
			isa = XCConfigurationList;
			buildConfigurations = (
				A1C68B4925FF07A40074B78E /* Debug */,
				A1C68B4A25FF07A40074B78E /* Release */,
			);
			defaultConfigurationIsVisible = 0;
			defaultConfigurationName = Release;
		};
		A1C68B4B25FF07A40074B78E /* Build configuration list for PBXNativeTarget "netflixTests" */ = {
			isa = XCConfigurationList;
			buildConfigurations = (
				A1C68B4C25FF07A40074B78E /* Debug */,
				A1C68B4D25FF07A40074B78E /* Release */,
			);
			defaultConfigurationIsVisible = 0;
			defaultConfigurationName = Release;
		};
		A1C68B4E25FF07A40074B78E /* Build configuration list for PBXNativeTarget "netflixUITests" */ = {
			isa = XCConfigurationList;
			buildConfigurations = (
				A1C68B4F25FF07A40074B78E /* Debug */,
				A1C68B5025FF07A40074B78E /* Release */,
			);
			defaultConfigurationIsVisible = 0;
			defaultConfigurationName = Release;
		};
/* End XCConfigurationList section */

/* Begin XCRemoteSwiftPackageReference section */
		A1C68B7125FF0B6F0074B78E /* XCRemoteSwiftPackageReference "Kingfisher" */ = {
			isa = XCRemoteSwiftPackageReference;
			repositoryURL = "https://github.com/onevcat/Kingfisher";
			requirement = {
				kind = exactVersion;
				version = 5.14.1;
			};
		};
/* End XCRemoteSwiftPackageReference section */

/* Begin XCSwiftPackageProductDependency section */
		A1C68B7225FF0B6F0074B78E /* KingfisherSwiftUI */ = {
			isa = XCSwiftPackageProductDependency;
			package = A1C68B7125FF0B6F0074B78E /* XCRemoteSwiftPackageReference "Kingfisher" */;
			productName = KingfisherSwiftUI;
		};
/* End XCSwiftPackageProductDependency section */
	};
	rootObject = A1C68B1B25FF07A20074B78E /* Project object */;
}
